{
  "name": "5.1",
  "lockfileVersion": 3,
  "requires": true,
  "packages": {
    "": {
      "dependencies": {
        "types-registry": "^0.1.655"
      }
    },
    "node_modules/types-registry": {
      "version": "0.1.655",
      "resolved": "https://registry.npmjs.org/types-registry/-/types-registry-0.1.655.tgz",
      "integrity": "sha512-j0uhGO+4Sn+9ILj9o0H+/vwi2NOIJRvT55Cx+gSGYy2FhjN221LPP1o05Y3pVPvDjCge4bngaYQCstYBUQCCew=="
    }
  }
}
